
Microsoft Visual Studio Solution File, Format Version 12.00
# Visual Studio Version 16
VisualStudioVersion = 16.0.31205.134
MinimumVisualStudioVersion = 10.0.40219.1
Project("{FAE04EC0-301F-11D3-BF4B-00C04F79EFBC}") = "StudentRegList", "StudentRegList.csproj", "{358AA8CA-22CC-4864-8F1F-8B707E1D41F8}"
EndProject
Global
	GlobalSection(SolutionConfigurationPlatforms) = preSolution
		Debug|Any CPU = Debug|Any CPU
		Release|Any CPU = Release|Any CPU
	EndGlobalSection
	GlobalSection(ProjectConfigurationPlatforms) = postSolution
		{358AA8CA-22CC-4864-8F1F-8B707E1D41F8}.Debug|Any CPU.ActiveCfg = Debug|Any CPU
		{358AA8CA-22CC-4864-8F1F-8B707E1D41F8}.Debug|Any CPU.Build.0 = Debug|Any CPU
		{358AA8CA-22CC-4864-8F1F-8B707E1D41F8}.Release|Any CPU.ActiveCfg = Release|Any CPU
		{358AA8CA-22CC-4864-8F1F-8B707E1D41F8}.Release|Any CPU.Build.0 = Release|Any CPU
	EndGlobalSection
	GlobalSection(SolutionProperties) = preSolution
		HideSolutionNode = FALSE
	EndGlobalSection
	GlobalSection(ExtensibilityGlobals) = postSolution
		SolutionGuid = {ACFFFED1-1AAB-4636-8F97-5307C71C92B7}
	EndGlobalSection
EndGlobal
